PODS:
  - ble_peripheral (0.0.1):
    - Flutter
    - FlutterMacOS
  - Flutter (1.0.0)

DEPENDENCIES:
  - ble_peripheral (from `.symlinks/plugins/ble_peripheral/darwin`)
  - Flutter (from `Flutter`)

EXTERNAL SOURCES:
  ble_peripheral:
    :path: ".symlinks/plugins/ble_peripheral/darwin"
  Flutter:
    :path: Flutter

SPEC CHECKSUMS:
  ble_peripheral: 1d6cb378caaef61cd39410652a4de1a68dfba4f2
  Flutter: 71a624a5bc0c04062bf19101d501e466baf2fb47

PODFILE CHECKSUM: e03b2fc87506e60d3d4bb05f8e1b628bd8012907

COCOAPODS: 1.17.0
